// !$*UTF8*$!
{
	archiveVersion = 1;
	classes = {
	};
	objectVersion = 55;
	objects = {

/* Begin PBXBuildFile section */
		21263B6528883D9B00D6D4A6 /* AppDelegate.swift in Sources */ = {isa = PBXBuildFile; fileRef = 21263B6428883D9B00D6D4A6 /* AppDelegate.swift */; };
		21263B6728883D9B00D6D4A6 /* SceneDelegate.swift in Sources */ = {isa = PBXBuildFile; fileRef = 21263B6628883D9B00D6D4A6 /* SceneDelegate.swift */; };
		21263B6928883D9B00D6D4A6 /* ViewController.swift in Sources */ = {isa = PBXBuildFile; fileRef = 21263B6828883D9B00D6D4A6 /* ViewController.swift */; };
		21263B6C28883D9B00D6D4A6 /* Main.storyboard in Resources */ = {isa = PBXBuildFile; fileRef = 21263B6A28883D9B00D6D4A6 /* Main.storyboard */; };
		21263B6E28883D9C00D6D4A6 /* Assets.xcassets in Resources */ = {isa = PBXBuildFile; fileRef = 21263B6D28883D9C00D6D4A6 /* Assets.xcassets */; };
		21263B7128883D9C00D6D4A6 /* LaunchScreen.storyboard in Resources */ = {isa = PBXBuildFile; fileRef = 21263B6F28883D9C00D6D4A6 /* LaunchScreen.storyboard */; };
		21263B7C28883D9C00D6D4A6 /* FlagAppTests.swift in Sources */ = {isa = PBXBuildFile; fileRef = 21263B7B28883D9C00D6D4A6 /* FlagAppTests.swift */; };
		21263B8628883D9C00D6D4A6 /* FlagAppUITests.swift in Sources */ = {isa = PBXBuildFile; fileRef = 21263B8528883D9C00D6D4A6 /* FlagAppUITests.swift */; };
		21263B8828883D9C00D6D4A6 /* FlagAppUITestsLaunchTests.swift in Sources */ = {isa = PBXBuildFile; fileRef = 21263B8728883D9C00D6D4A6 /* FlagAppUITestsLaunchTests.swift */; };
		21263B972888400C00D6D4A6 /* OuizPageViewController.swift in Sources */ = {isa = PBXBuildFile; fileRef = 21263B962888400C00D6D4A6 /* OuizPageViewController.swift */; };
		21263B992888405F00D6D4A6 /* ResultPageViewController.swift in Sources */ = {isa = PBXBuildFile; fileRef = 21263B982888405F00D6D4A6 /* ResultPageViewController.swift */; };
		21263BA828884C5D00D6D4A6 /* FMDatabaseAdditions.m in Sources */ = {isa = PBXBuildFile; fileRef = 21263BA028884C5D00D6D4A6 /* FMDatabaseAdditions.m */; };
		21263BA928884C5D00D6D4A6 /* FMResultSet.m in Sources */ = {isa = PBXBuildFile; fileRef = 21263BA228884C5D00D6D4A6 /* FMResultSet.m */; };
		21263BAA28884C5D00D6D4A6 /* FMDatabasePool.m in Sources */ = {isa = PBXBuildFile; fileRef = 21263BA428884C5D00D6D4A6 /* FMDatabasePool.m */; };
		21263BAB28884C5D00D6D4A6 /* FMDatabase.m in Sources */ = {isa = PBXBuildFile; fileRef = 21263BA628884C5D00D6D4A6 /* FMDatabase.m */; };
		21263BAC28884C5D00D6D4A6 /* FMDatabaseQueue.m in Sources */ = {isa = PBXBuildFile; fileRef = 21263BA728884C5D00D6D4A6 /* FMDatabaseQueue.m */; };
		21263BAE28884CB800D6D4A6 /* bayrakquiz.sqlite in Resources */ = {isa = PBXBuildFile; fileRef = 21263BAD28884CB800D6D4A6 /* bayrakquiz.sqlite */; };
		2140C08D288937E70036610A /* Flag.swift in Sources */ = {isa = PBXBuildFile; fileRef = 2140C08C288937E70036610A /* Flag.swift */; };
		2140C08F288938AE0036610A /* FlagDao.swift in Sources */ = {isa = PBXBuildFile; fileRef = 2140C08E288938AE0036610A /* FlagDao.swift */; };
/* End PBXBuildFile section */

/* Begin PBXContainerItemProxy section */
		21263B7828883D9C00D6D4A6 /* PBXContainerItemProxy */ = {
			isa = PBXContainerItemProxy;
			containerPortal = 21263B5928883D9B00D6D4A6 /* Project object */;
			proxyType = 1;
			remoteGlobalIDString = 21263B6028883D9B00D6D4A6;
			remoteInfo = FlagApp;
		};
		21263B8228883D9C00D6D4A6 /* PBXContainerItemProxy */ = {
			isa = PBXContainerItemProxy;
			containerPortal = 21263B5928883D9B00D6D4A6 /* Project object */;
			proxyType = 1;
			remoteGlobalIDString = 21263B6028883D9B00D6D4A6;
			remoteInfo = FlagApp;
		};
/* End PBXContainerItemProxy section */

/* Begin PBXFileReference section */
		21263B6128883D9B00D6D4A6 /* FlagApp.app */ = {isa = PBXFileReference; explicitFileType = wrapper.application; includeInIndex = 0; path = FlagApp.app; sourceTree = BUILT_PRODUCTS_DIR; };
		21263B6428883D9B00D6D4A6 /* AppDelegate.swift */ = {isa = PBXFileReference; lastKnownFileType = sourcecode.swift; path = AppDelegate.swift; sourceTree = "<group>"; };
		21263B6628883D9B00D6D4A6 /* SceneDelegate.swift */ = {isa = PBXFileReference; lastKnownFileType = sourcecode.swift; path = SceneDelegate.swift; sourceTree = "<group>"; };
		21263B6828883D9B00D6D4A6 /* ViewController.swift */ = {isa = PBXFileReference; lastKnownFileType = sourcecode.swift; path = ViewController.swift; sourceTree = "<group>"; };
		21263B6B28883D9B00D6D4A6 /* Base */ = {isa = PBXFileReference; lastKnownFileType = file.storyboard; name = Base; path = Base.lproj/Main.storyboard; sourceTree = "<group>"; };
		21263B6D28883D9C00D6D4A6 /* Assets.xcassets */ = {isa = PBXFileReference; lastKnownFileType = folder.assetcatalog; path = Assets.xcassets; sourceTree = "<group>"; };
		21263B7028883D9C00D6D4A6 /* Base */ = {isa = PBXFileReference; lastKnownFileType = file.storyboard; name = Base; path = Base.lproj/LaunchScreen.storyboard; sourceTree = "<group>"; };
		21263B7228883D9C00D6D4A6 /* Info.plist */ = {isa = PBXFileReference; lastKnownFileType = text.plist.xml; path = Info.plist; sourceTree = "<group>"; };
		21263B7728883D9C00D6D4A6 /* FlagAppTests.xctest */ = {isa = PBXFileReference; explicitFileType = wrapper.cfbundle; includeInIndex = 0; path = FlagAppTests.xctest; sourceTree = BUILT_PRODUCTS_DIR; };
		21263B7B28883D9C00D6D4A6 /* FlagAppTests.swift */ = {isa = PBXFileReference; lastKnownFileType = sourcecode.swift; path = FlagAppTests.swift; sourceTree = "<group>"; };
		21263B8128883D9C00D6D4A6 /* FlagAppUITests.xctest */ = {isa = PBXFileReference; explicitFileType = wrapper.cfbundle; includeInIndex = 0; path = FlagAppUITests.xctest; sourceTree = BUILT_PRODUCTS_DIR; };
		21263B8528883D9C00D6D4A6 /* FlagAppUITests.swift */ = {isa = PBXFileReference; lastKnownFileType = sourcecode.swift; path = FlagAppUITests.swift; sourceTree = "<group>"; };
		21263B8728883D9C00D6D4A6 /* FlagAppUITestsLaunchTests.swift */ = {isa = PBXFileReference; lastKnownFileType = sourcecode.swift; path = FlagAppUITestsLaunchTests.swift; sourceTree = "<group>"; };
		21263B962888400C00D6D4A6 /* OuizPageViewController.swift */ = {isa = PBXFileReference; lastKnownFileType = sourcecode.swift; path = OuizPageViewController.swift; sourceTree = "<group>"; };
		21263B982888405F00D6D4A6 /* ResultPageViewController.swift */ = {isa = PBXFileReference; lastKnownFileType = sourcecode.swift; path = ResultPageViewController.swift; sourceTree = "<group>"; };
		21263B9B28884BED00D6D4A6 /* libsqlite3.tbd */ = {isa = PBXFileReference; lastKnownFileType = "sourcecode.text-based-dylib-definition"; name = libsqlite3.tbd; path = usr/lib/libsqlite3.tbd; sourceTree = SDKROOT; };
		21263B9C28884C5C00D6D4A6 /* FlagApp-Bridging-Header.h */ = {isa = PBXFileReference; lastKnownFileType = sourcecode.c.h; path = "FlagApp-Bridging-Header.h"; sourceTree = "<group>"; };
		21263B9D28884C5D00D6D4A6 /* FMDatabase.h */ = {isa = PBXFileReference; fileEncoding = 4; lastKnownFileType = sourcecode.c.h; path = FMDatabase.h; sourceTree = "<group>"; };
		21263B9E28884C5D00D6D4A6 /* FMDatabaseAdditions.h */ = {isa = PBXFileReference; fileEncoding = 4; lastKnownFileType = sourcecode.c.h; path = FMDatabaseAdditions.h; sourceTree = "<group>"; };
		21263B9F28884C5D00D6D4A6 /* FMResultSet.h */ = {isa = PBXFileReference; fileEncoding = 4; lastKnownFileType = sourcecode.c.h; path = FMResultSet.h; sourceTree = "<group>"; };
		21263BA028884C5D00D6D4A6 /* FMDatabaseAdditions.m */ = {isa = PBXFileReference; fileEncoding = 4; lastKnownFileType = sourcecode.c.objc; path = FMDatabaseAdditions.m; sourceTree = "<group>"; };
		21263BA128884C5D00D6D4A6 /* FMDB.h */ = {isa = PBXFileReference; fileEncoding = 4; lastKnownFileType = sourcecode.c.h; path = FMDB.h; sourceTree = "<group>"; };
		21263BA228884C5D00D6D4A6 /* FMResultSet.m */ = {isa = PBXFileReference; fileEncoding = 4; lastKnownFileType = sourcecode.c.objc; path = FMResultSet.m; sourceTree = "<group>"; };
		21263BA328884C5D00D6D4A6 /* FMDatabasePool.h */ = {isa = PBXFileReference; fileEncoding = 4; lastKnownFileType = sourcecode.c.h; path = FMDatabasePool.h; sourceTree = "<group>"; };
		21263BA428884C5D00D6D4A6 /* FMDatabasePool.m */ = {isa = PBXFileReference; fileEncoding = 4; lastKnownFileType = sourcecode.c.objc; path = FMDatabasePool.m; sourceTree = "<group>"; };
		21263BA528884C5D00D6D4A6 /* FMDatabaseQueue.h */ = {isa = PBXFileReference; fileEncoding = 4; lastKnownFileType = sourcecode.c.h; path = FMDatabaseQueue.h; sourceTree = "<group>"; };
		21263BA628884C5D00D6D4A6 /* FMDatabase.m */ = {isa = PBXFileReference; fileEncoding = 4; lastKnownFileType = sourcecode.c.objc; path = FMDatabase.m; sourceTree = "<group>"; };
		21263BA728884C5D00D6D4A6 /* FMDatabaseQueue.m */ = {isa = PBXFileReference; fileEncoding = 4; lastKnownFileType = sourcecode.c.objc; path = FMDatabaseQueue.m; sourceTree = "<group>"; };
		21263BAD28884CB800D6D4A6 /* bayrakquiz.sqlite */ = {isa = PBXFileReference; lastKnownFileType = file; path = bayrakquiz.sqlite; sourceTree = "<group>"; };
		2140C08C288937E70036610A /* Flag.swift */ = {isa = PBXFileReference; lastKnownFileType = sourcecode.swift; path = Flag.swift; sourceTree = "<group>"; };
		2140C08E288938AE0036610A /* FlagDao.swift */ = {isa = PBXFileReference; lastKnownFileType = sourcecode.swift; path = FlagDao.swift; sourceTree = "<group>"; };
/* End PBXFileReference section */

/* Begin PBXFrameworksBuildPhase section */
		21263B5E28883D9B00D6D4A6 /* Frameworks */ = {
			isa = PBXFrameworksBuildPhase;
			buildActionMask = 2147483647;
			files = (
			);
			runOnlyForDeploymentPostprocessing = 0;
		};
		21263B7428883D9C00D6D4A6 /* Frameworks */ = {
			isa = PBXFrameworksBuildPhase;
			buildActionMask = 2147483647;
			files = (
			);
			runOnlyForDeploymentPostprocessing = 0;
		};
		21263B7E28883D9C00D6D4A6 /* Frameworks */ = {
			isa = PBXFrameworksBuildPhase;
			buildActionMask = 2147483647;
			files = (
			);
			runOnlyForDeploymentPostprocessing = 0;
		};
/* End PBXFrameworksBuildPhase section */

/* Begin PBXGroup section */
		21263B5828883D9B00D6D4A6 = {
			isa = PBXGroup;
			children = (
				21263B6328883D9B00D6D4A6 /* FlagApp */,
				21263B7A28883D9C00D6D4A6 /* FlagAppTests */,
				21263B8428883D9C00D6D4A6 /* FlagAppUITests */,
				21263B6228883D9B00D6D4A6 /* Products */,
				21263B9A28884BED00D6D4A6 /* Frameworks */,
			);
			sourceTree = "<group>";
		};
		21263B6228883D9B00D6D4A6 /* Products */ = {
			isa = PBXGroup;
			children = (
				21263B6128883D9B00D6D4A6 /* FlagApp.app */,
				21263B7728883D9C00D6D4A6 /* FlagAppTests.xctest */,
				21263B8128883D9C00D6D4A6 /* FlagAppUITests.xctest */,
			);
			name = Products;
			sourceTree = "<group>";
		};
		21263B6328883D9B00D6D4A6 /* FlagApp */ = {
			isa = PBXGroup;
			children = (
				21263BAD28884CB800D6D4A6 /* bayrakquiz.sqlite */,
				21263B9D28884C5D00D6D4A6 /* FMDatabase.h */,
				21263BA628884C5D00D6D4A6 /* FMDatabase.m */,
				21263B9E28884C5D00D6D4A6 /* FMDatabaseAdditions.h */,
				21263BA028884C5D00D6D4A6 /* FMDatabaseAdditions.m */,
				21263BA328884C5D00D6D4A6 /* FMDatabasePool.h */,
				21263BA428884C5D00D6D4A6 /* FMDatabasePool.m */,
				21263BA528884C5D00D6D4A6 /* FMDatabaseQueue.h */,
				21263BA728884C5D00D6D4A6 /* FMDatabaseQueue.m */,
				21263BA128884C5D00D6D4A6 /* FMDB.h */,
				21263B9F28884C5D00D6D4A6 /* FMResultSet.h */,
				21263BA228884C5D00D6D4A6 /* FMResultSet.m */,
				21263B6428883D9B00D6D4A6 /* AppDelegate.swift */,
				21263B6628883D9B00D6D4A6 /* SceneDelegate.swift */,
				21263B6828883D9B00D6D4A6 /* ViewController.swift */,
				21263B6A28883D9B00D6D4A6 /* Main.storyboard */,
				21263B6D28883D9C00D6D4A6 /* Assets.xcassets */,
				21263B6F28883D9C00D6D4A6 /* LaunchScreen.storyboard */,
				21263B7228883D9C00D6D4A6 /* Info.plist */,
				21263B962888400C00D6D4A6 /* OuizPageViewController.swift */,
				21263B982888405F00D6D4A6 /* ResultPageViewController.swift */,
				21263B9C28884C5C00D6D4A6 /* FlagApp-Bridging-Header.h */,
				2140C08C288937E70036610A /* Flag.swift */,
				2140C08E288938AE0036610A /* FlagDao.swift */,
			);
			path = FlagApp;
			sourceTree = "<group>";
		};
		21263B7A28883D9C00D6D4A6 /* FlagAppTests */ = {
			isa = PBXGroup;
			children = (
				21263B7B28883D9C00D6D4A6 /* FlagAppTests.swift */,
			);
			path = FlagAppTests;
			sourceTree = "<group>";
		};
		21263B8428883D9C00D6D4A6 /* FlagAppUITests */ = {
			isa = PBXGroup;
			children = (
				21263B8528883D9C00D6D4A6 /* FlagAppUITests.swift */,
				21263B8728883D9C00D6D4A6 /* FlagAppUITestsLaunchTests.swift */,
			);
			path = FlagAppUITests;
			sourceTree = "<group>";
		};
		21263B9A28884BED00D6D4A6 /* Frameworks */ = {
			isa = PBXGroup;
			children = (
				21263B9B28884BED00D6D4A6 /* libsqlite3.tbd */,
			);
			name = Frameworks;
			sourceTree = "<group>";
		};
/* End PBXGroup section */

/* Begin PBXNativeTarget section */
		21263B6028883D9B00D6D4A6 /* FlagApp */ = {
			isa = PBXNativeTarget;
			buildConfigurationList = 21263B8B28883D9C00D6D4A6 /* Build configuration list for PBXNativeTarget "FlagApp" */;
			buildPhases = (
				21263B5D28883D9B00D6D4A6 /* Sources */,
				21263B5E28883D9B00D6D4A6 /* Frameworks */,
				21263B5F28883D9B00D6D4A6 /* Resources */,
			);
			buildRules = (
			);
			dependencies = (
			);
			name = FlagApp;
			productName = FlagApp;
			productReference = 21263B6128883D9B00D6D4A6 /* FlagApp.app */;
			productType = "com.apple.product-type.application";
		};
		21263B7628883D9C00D6D4A6 /* FlagAppTests */ = {
			isa = PBXNativeTarget;
			buildConfigurationList = 21263B8E28883D9C00D6D4A6 /* Build configuration list for PBXNativeTarget "FlagAppTests" */;
			buildPhases = (
				21263B7328883D9C00D6D4A6 /* Sources */,
				21263B7428883D9C00D6D4A6 /* Frameworks */,
				21263B7528883D9C00D6D4A6 /* Resources */,
			);
			buildRules = (
			);
			dependencies = (
				21263B7928883D9C00D6D4A6 /* PBXTargetDependency */,
			);
			name = FlagAppTests;
			productName = FlagAppTests;
			productReference = 21263B7728883D9C00D6D4A6 /* FlagAppTests.xctest */;
			productType = "com.apple.product-type.bundle.unit-test";
		};
		21263B8028883D9C00D6D4A6 /* FlagAppUITests */ = {
			isa = PBXNativeTarget;
			buildConfigurationList = 21263B9128883D9C00D6D4A6 /* Build configuration list for PBXNativeTarget "FlagAppUITests" */;
			buildPhases = (
				21263B7D28883D9C00D6D4A6 /* Sources */,
				21263B7E28883D9C00D6D4A6 /* Frameworks */,
				21263B7F28883D9C00D6D4A6 /* Resources */,
			);
			buildRules = (
			);
			dependencies = (
				21263B8328883D9C00D6D4A6 /* PBXTargetDependency */,
			);
			name = FlagAppUITests;
			productName = FlagAppUITests;
			productReference = 21263B8128883D9C00D6D4A6 /* FlagAppUITests.xctest */;
			productType = "com.apple.product-type.bundle.ui-testing";
		};
/* End PBXNativeTarget section */

/* Begin PBXProject section */
		21263B5928883D9B00D6D4A6 /* Project object */ = {
			isa = PBXProject;
			attributes = {
				BuildIndependentTargetsInParallel = 1;
				LastSwiftUpdateCheck = 1340;
				LastUpgradeCheck = 1340;
				TargetAttributes = {
					21263B6028883D9B00D6D4A6 = {
						CreatedOnToolsVersion = 13.4.1;
						LastSwiftMigration = 1340;
					};
					21263B7628883D9C00D6D4A6 = {
						CreatedOnToolsVersion = 13.4.1;
						TestTargetID = 21263B6028883D9B00D6D4A6;
					};
					21263B8028883D9C00D6D4A6 = {
						CreatedOnToolsVersion = 13.4.1;
						TestTargetID = 21263B6028883D9B00D6D4A6;
					};
				};
			};
			buildConfigurationList = 21263B5C28883D9B00D6D4A6 /* Build configuration list for PBXProject "FlagApp" */;
			compatibilityVersion = "Xcode 13.0";
			developmentRegion = en;
			hasScannedForEncodings = 0;
			knownRegions = (
				en,
				Base,
			);
			mainGroup = 21263B5828883D9B00D6D4A6;
			productRefGroup = 21263B6228883D9B00D6D4A6 /* Products */;
			projectDirPath = "";
			projectRoot = "";
			targets = (
				21263B6028883D9B00D6D4A6 /* FlagApp */,
				21263B7628883D9C00D6D4A6 /* FlagAppTests */,
				21263B8028883D9C00D6D4A6 /* FlagAppUITests */,
			);
		};
/* End PBXProject section */

/* Begin PBXResourcesBuildPhase section */
		21263B5F28883D9B00D6D4A6 /* Resources */ = {
			isa = PBXResourcesBuildPhase;
			buildActionMask = 2147483647;
			files = (
				21263BAE28884CB800D6D4A6 /* bayrakquiz.sqlite in Resources */,
				21263B7128883D9C00D6D4A6 /* LaunchScreen.storyboard in Resources */,
				21263B6E28883D9C00D6D4A6 /* Assets.xcassets in Resources */,
				21263B6C28883D9B00D6D4A6 /* Main.storyboard in Resources */,
			);
			runOnlyForDeploymentPostprocessing = 0;
		};
		21263B7528883D9C00D6D4A6 /* Resources */ = {
			isa = PBXResourcesBuildPhase;
			buildActionMask = 2147483647;
			files = (
			);
			runOnlyForDeploymentPostprocessing = 0;
		};
		21263B7F28883D9C00D6D4A6 /* Resources */ = {
			isa = PBXResourcesBuildPhase;
			buildActionMask = 2147483647;
			files = (
			);
			runOnlyForDeploymentPostprocessing = 0;
		};
/* End PBXResourcesBuildPhase section */

/* Begin PBXSourcesBuildPhase section */
		21263B5D28883D9B00D6D4A6 /* Sources */ = {
			isa = PBXSourcesBuildPhase;
			buildActionMask = 2147483647;
			files = (
				21263B6928883D9B00D6D4A6 /* ViewController.swift in Sources */,
				21263B992888405F00D6D4A6 /* ResultPageViewController.swift in Sources */,
				21263BA928884C5D00D6D4A6 /* FMResultSet.m in Sources */,
				21263BAB28884C5D00D6D4A6 /* FMDatabase.m in Sources */,
				21263B6528883D9B00D6D4A6 /* AppDelegate.swift in Sources */,
				21263BAC28884C5D00D6D4A6 /* FMDatabaseQueue.m in Sources */,
				2140C08D288937E70036610A /* Flag.swift in Sources */,
				21263B972888400C00D6D4A6 /* OuizPageViewController.swift in Sources */,
				21263BAA28884C5D00D6D4A6 /* FMDatabasePool.m in Sources */,
				21263B6728883D9B00D6D4A6 /* SceneDelegate.swift in Sources */,
				2140C08F288938AE0036610A /* FlagDao.swift in Sources */,
				21263BA828884C5D00D6D4A6 /* FMDatabaseAdditions.m in Sources */,
			);
			runOnlyForDeploymentPostprocessing = 0;
		};
		21263B7328883D9C00D6D4A6 /* Sources */ = {
			isa = PBXSourcesBuildPhase;
			buildActionMask = 2147483647;
			files = (
				21263B7C28883D9C00D6D4A6 /* FlagAppTests.swift in Sources */,
			);
			runOnlyForDeploymentPostprocessing = 0;
		};
		21263B7D28883D9C00D6D4A6 /* Sources */ = {
			isa = PBXSourcesBuildPhase;
			buildActionMask = 2147483647;
			files = (
				21263B8828883D9C00D6D4A6 /* FlagAppUITestsLaunchTests.swift in Sources */,
				21263B8628883D9C00D6D4A6 /* FlagAppUITests.swift in Sources */,
			);
			runOnlyForDeploymentPostprocessing = 0;
		};
/* End PBXSourcesBuildPhase section */

/* Begin PBXTargetDependency section */
		21263B7928883D9C00D6D4A6 /* PBXTargetDependency */ = {
			isa = PBXTargetDependency;
			target = 21263B6028883D9B00D6D4A6 /* FlagApp */;
			targetProxy = 21263B7828883D9C00D6D4A6 /* PBXContainerItemProxy */;
		};
		21263B8328883D9C00D6D4A6 /* PBXTargetDependency */ = {
			isa = PBXTargetDependency;
			target = 21263B6028883D9B00D6D4A6 /* FlagApp */;
			targetProxy = 21263B8228883D9C00D6D4A6 /* PBXContainerItemProxy */;
		};
/* End PBXTargetDependency section */

/* Begin PBXVariantGroup section */
		21263B6A28883D9B00D6D4A6 /* Main.storyboard */ = {
			isa = PBXVariantGroup;
			children = (
				21263B6B28883D9B00D6D4A6 /* Base */,
			);
			name = Main.storyboard;
			sourceTree = "<group>";
		};
		21263B6F28883D9C00D6D4A6 /* LaunchScreen.storyboard */ = {
			isa = PBXVariantGroup;
			children = (
				21263B7028883D9C00D6D4A6 /* Base */,
			);
			name = LaunchScreen.storyboard;
			sourceTree = "<group>";
		};
/* End PBXVariantGroup section */

/* Begin XCBuildConfiguration section */
		21263B8928883D9C00D6D4A6 /* Debug */ = {
			isa = XCBuildConfiguration;
			buildSettings = {
				ALWAYS_SEARCH_USER_PATHS = NO;
				CLANG_ANALYZER_NONNULL = YES;
				CLANG_ANALYZER_NUMBER_OBJECT_CONVERSION = YES_AGGRESSIVE;
				CLANG_CXX_LANGUAGE_STANDARD = "gnu++17";
				CLANG_ENABLE_MODULES = YES;
				CLANG_ENABLE_OBJC_ARC = YES;
				CLANG_ENABLE_OBJC_WEAK = YES;
				CLANG_WARN_BLOCK_CAPTURE_AUTORELEASING = YES;
				CLANG_WARN_BOOL_CONVERSION = YES;
				CLANG_WARN_COMMA = YES;
				CLANG_WARN_CONSTANT_CONVERSION = YES;
				CLANG_WARN_DEPRECATED_OBJC_IMPLEMENTATIONS = YES;
				CLANG_WARN_DIRECT_OBJC_ISA_USAGE = YES_ERROR;
				CLANG_WARN_DOCUMENTATION_COMMENTS = YES;
				CLANG_WARN_EMPTY_BODY = YES;
				CLANG_WARN_ENUM_CONVERSION = YES;
				CLANG_WARN_INFINITE_RECURSION = YES;
				CLANG_WARN_INT_CONVERSION = YES;
				CLANG_WARN_NON_LITERAL_NULL_CONVERSION = YES;
				CLANG_WARN_OBJC_IMPLICIT_RETAIN_SELF = YES;
				CLANG_WARN_OBJC_LITERAL_CONVERSION = YES;
				CLANG_WARN_OBJC_ROOT_CLASS = YES_ERROR;
				CLANG_WARN_QUOTED_INCLUDE_IN_FRAMEWORK_HEADER = YES;
				CLANG_WARN_RANGE_LOOP_ANALYSIS = YES;
				CLANG_WARN_STRICT_PROTOTYPES = YES;
				CLANG_WARN_SUSPICIOUS_MOVE = YES;
				CLANG_WARN_UNGUARDED_AVAILABILITY = YES_AGGRESSIVE;
				CLANG_WARN_UNREACHABLE_CODE = YES;
				CLANG_WARN__DUPLICATE_METHOD_MATCH = YES;
				COPY_PHASE_STRIP = NO;
				DEBUG_INFORMATION_FORMAT = dwarf;
				ENABLE_STRICT_OBJC_MSGSEND = YES;
				ENABLE_TESTABILITY = YES;
				GCC_C_LANGUAGE_STANDARD = gnu11;
				GCC_DYNAMIC_NO_PIC = NO;
				GCC_NO_COMMON_BLOCKS = YES;
				GCC_OPTIMIZATION_LEVEL = 0;
				GCC_PREPROCESSOR_DEFINITIONS = (
					"DEBUG=1",
					"$(inherited)",
				);
				GCC_WARN_64_TO_32_BIT_CONVERSION = YES;
				GCC_WARN_ABOUT_RETURN_TYPE = YES_ERROR;
				GCC_WARN_UNDECLARED_SELECTOR = YES;
				GCC_WARN_UNINITIALIZED_AUTOS = YES_AGGRESSIVE;
				GCC_WARN_UNUSED_FUNCTION = YES;
				GCC_WARN_UNUSED_VARIABLE = YES;
				IPHONEOS_DEPLOYMENT_TARGET = 15.5;
				MTL_ENABLE_DEBUG_INFO = INCLUDE_SOURCE;
				MTL_FAST_MATH = YES;
				ONLY_ACTIVE_ARCH = YES;
				SDKROOT = iphoneos;
				SWIFT_ACTIVE_COMPILATION_CONDITIONS = DEBUG;
				SWIFT_OPTIMIZATION_LEVEL = "-Onone";
			};
			name = Debug;
		};
		21263B8A28883D9C00D6D4A6 /* Release */ = {
			isa = XCBuildConfiguration;
			buildSettings = {
				ALWAYS_SEARCH_USER_PATHS = NO;
				CLANG_ANALYZER_NONNULL = YES;
				CLANG_ANALYZER_NUMBER_OBJECT_CONVERSION = YES_AGGRESSIVE;
				CLANG_CXX_LANGUAGE_STANDARD = "gnu++17";
				CLANG_ENABLE_MODULES = YES;
				CLANG_ENABLE_OBJC_ARC = YES;
				CLANG_ENABLE_OBJC_WEAK = YES;
				CLANG_WARN_BLOCK_CAPTURE_AUTORELEASING = YES;
				CLANG_WARN_BOOL_CONVERSION = YES;
				CLANG_WARN_COMMA = YES;
				CLANG_WARN_CONSTANT_CONVERSION = YES;
				CLANG_WARN_DEPRECATED_OBJC_IMPLEMENTATIONS = YES;
				CLANG_WARN_DIRECT_OBJC_ISA_USAGE = YES_ERROR;
				CLANG_WARN_DOCUMENTATION_COMMENTS = YES;
				CLANG_WARN_EMPTY_BODY = YES;
				CLANG_WARN_ENUM_CONVERSION = YES;
				CLANG_WARN_INFINITE_RECURSION = YES;
				CLANG_WARN_INT_CONVERSION = YES;
				CLANG_WARN_NON_LITERAL_NULL_CONVERSION = YES;
				CLANG_WARN_OBJC_IMPLICIT_RETAIN_SELF = YES;
				CLANG_WARN_OBJC_LITERAL_CONVERSION = YES;
				CLANG_WARN_OBJC_ROOT_CLASS = YES_ERROR;
				CLANG_WARN_QUOTED_INCLUDE_IN_FRAMEWORK_HEADER = YES;
				CLANG_WARN_RANGE_LOOP_ANALYSIS = YES;
				CLANG_WARN_STRICT_PROTOTYPES = YES;
				CLANG_WARN_SUSPICIOUS_MOVE = YES;
				CLANG_WARN_UNGUARDED_AVAILABILITY = YES_AGGRESSIVE;
				CLANG_WARN_UNREACHABLE_CODE = YES;
				CLANG_WARN__DUPLICATE_METHOD_MATCH = YES;
				COPY_PHASE_STRIP = NO;
				DEBUG_INFORMATION_FORMAT = "dwarf-with-dsym";
				ENABLE_NS_ASSERTIONS = NO;
				ENABLE_STRICT_OBJC_MSGSEND = YES;
				GCC_C_LANGUAGE_STANDARD = gnu11;
				GCC_NO_COMMON_BLOCKS = YES;
				GCC_WARN_64_TO_32_BIT_CONVERSION = YES;
				GCC_WARN_ABOUT_RETURN_TYPE = YES_ERROR;
				GCC_WARN_UNDECLARED_SELECTOR = YES;
				GCC_WARN_UNINITIALIZED_AUTOS = YES_AGGRESSIVE;
				GCC_WARN_UNUSED_FUNCTION = YES;
				GCC_WARN_UNUSED_VARIABLE = YES;
				IPHONEOS_DEPLOYMENT_TARGET = 15.5;
				MTL_ENABLE_DEBUG_INFO = NO;
				MTL_FAST_MATH = YES;
				SDKROOT = iphoneos;
				SWIFT_COMPILATION_MODE = wholemodule;
				SWIFT_OPTIMIZATION_LEVEL = "-O";
				VALIDATE_PRODUCT = YES;
			};
			name = Release;
		};
		21263B8C28883D9C00D6D4A6 /* Debug */ = {
			isa = XCBuildConfiguration;
			buildSettings = {
				ASSETCATALOG_COMPILER_APPICON_NAME = AppIcon;
				ASSETCATALOG_COMPILER_GLOBAL_ACCENT_COLOR_NAME = AccentColor;
				CLANG_ENABLE_MODULES = YES;
				CODE_SIGN_STYLE = Automatic;
				CURRENT_PROJECT_VERSION = 1;
				DEVELOPMENT_TEAM = BAHUM2K72T;
				GENERATE_INFOPLIST_FILE = YES;
				INFOPLIST_FILE = FlagApp/Info.plist;
				INFOPLIST_KEY_UIApplicationSupportsIndirectInputEvents = YES;
				INFOPLIST_KEY_UILaunchStoryboardName = LaunchScreen;
				INFOPLIST_KEY_UIMainStoryboardFile = Main;
				INFOPLIST_KEY_UISupportedInterfaceOrientations_iPad = "UIInterfaceOrientationPortrait UIInterfaceOrientationPortraitUpsideDown UIInterfaceOrientationLandscapeLeft UIInterfaceOrientationLandscapeRight";
				INFOPLIST_KEY_UISupportedInterfaceOrientations_iPhone = "UIInterfaceOrientationPortrait UIInterfaceOrientationLandscapeLeft UIInterfaceOrientationLandscapeRight";
				LD_RUNPATH_SEARCH_PATHS = (
					"$(inherited)",
					"@executable_path/Frameworks",
				);
				MARKETING_VERSION = 1.0;
				PRODUCT_BUNDLE_IDENTIFIER = ahmetcantopcu.FlagApp;
				PRODUCT_NAME = "$(TARGET_NAME)";
				SWIFT_EMIT_LOC_STRINGS = YES;
				SWIFT_OBJC_BRIDGING_HEADER = "FlagApp/FlagApp-Bridging-Header.h";
				SWIFT_OPTIMIZATION_LEVEL = "-Onone";
				SWIFT_VERSION = 5.0;
				TARGETED_DEVICE_FAMILY = "1,2";
			};
			name = Debug;
		};
		21263B8D28883D9C00D6D4A6 /* Release */ = {
			isa = XCBuildConfiguration;
			buildSettings = {
				ASSETCATALOG_COMPILER_APPICON_NAME = AppIcon;
				ASSETCATALOG_COMPILER_GLOBAL_ACCENT_COLOR_NAME = AccentColor;
				CLANG_ENABLE_MODULES = YES;
				CODE_SIGN_STYLE = Automatic;
				CURRENT_PROJECT_VERSION = 1;
				DEVELOPMENT_TEAM = BAHUM2K72T;
				GENERATE_INFOPLIST_FILE = YES;
				INFOPLIST_FILE = FlagApp/Info.plist;
				INFOPLIST_KEY_UIApplicationSupportsIndirectInputEvents = YES;
				INFOPLIST_KEY_UILaunchStoryboardName = LaunchScreen;
				INFOPLIST_KEY_UIMainStoryboardFile = Main;
				INFOPLIST_KEY_UISupportedInterfaceOrientations_iPad = "UIInterfaceOrientationPortrait UIInterfaceOrientationPortraitUpsideDown UIInterfaceOrientationLandscapeLeft UIInterfaceOrientationLandscapeRight";
				INFOPLIST_KEY_UISupportedInterfaceOrientations_iPhone = "UIInterfaceOrientationPortrait UIInterfaceOrientationLandscapeLeft UIInterfaceOrientationLandscapeRight";
				LD_RUNPATH_SEARCH_PATHS = (
					"$(inherited)",
					"@executable_path/Frameworks",
				);
				MARKETING_VERSION = 1.0;
				PRODUCT_BUNDLE_IDENTIFIER = ahmetcantopcu.FlagApp;
				PRODUCT_NAME = "$(TARGET_NAME)";
				SWIFT_EMIT_LOC_STRINGS = YES;
				SWIFT_OBJC_BRIDGING_HEADER = "FlagApp/FlagApp-Bridging-Header.h";
				SWIFT_VERSION = 5.0;
				TARGETED_DEVICE_FAMILY = "1,2";
			};
			name = Release;
		};
		21263B8F28883D9C00D6D4A6 /* Debug */ = {
			isa = XCBuildConfiguration;
			buildSettings = {
				ALWAYS_EMBED_SWIFT_STANDARD_LIBRARIES = YES;
				BUNDLE_LOADER = "$(TEST_HOST)";
				CODE_SIGN_STYLE = Automatic;
				CURRENT_PROJECT_VERSION = 1;
				DEVELOPMENT_TEAM = BAHUM2K72T;
				GENERATE_INFOPLIST_FILE = YES;
				IPHONEOS_DEPLOYMENT_TARGET = 15.5;
				MARKETING_VERSION = 1.0;
				PRODUCT_BUNDLE_IDENTIFIER = ahmetcantopcu.FlagAppTests;
				PRODUCT_NAME = "$(TARGET_NAME)";
				SWIFT_EMIT_LOC_STRINGS = NO;
				SWIFT_VERSION = 5.0;
				TARGETED_DEVICE_FAMILY = "1,2";
				TEST_HOST = "$(BUILT_PRODUCTS_DIR)/FlagApp.app/FlagApp";
			};
			name = Debug;
		};
		21263B9028883D9C00D6D4A6 /* Release */ = {
			isa = XCBuildConfiguration;
			buildSettings = {
				ALWAYS_EMBED_SWIFT_STANDARD_LIBRARIES = YES;
				BUNDLE_LOADER = "$(TEST_HOST)";
				CODE_SIGN_STYLE = Automatic;
				CURRENT_PROJECT_VERSION = 1;
				DEVELOPMENT_TEAM = BAHUM2K72T;
				GENERATE_INFOPLIST_FILE = YES;
				IPHONEOS_DEPLOYMENT_TARGET = 15.5;
				MARKETING_VERSION = 1.0;
				PRODUCT_BUNDLE_IDENTIFIER = ahmetcantopcu.FlagAppTests;
				PRODUCT_NAME = "$(TARGET_NAME)";
				SWIFT_EMIT_LOC_STRINGS = NO;
				SWIFT_VERSION = 5.0;
				TARGETED_DEVICE_FAMILY = "1,2";
				TEST_HOST = "$(BUILT_PRODUCTS_DIR)/FlagApp.app/FlagApp";
			};
			name = Release;
		};
		21263B9228883D9C00D6D4A6 /* Debug */ = {
			isa = XCBuildConfiguration;
			buildSettings = {
				ALWAYS_EMBED_SWIFT_STANDARD_LIBRARIES = YES;
				CODE_SIGN_STYLE = Automatic;
				CURRENT_PROJECT_VERSION = 1;
				DEVELOPMENT_TEAM = BAHUM2K72T;
				GENERATE_INFOPLIST_FILE = YES;
				MARKETING_VERSION = 1.0;
				PRODUCT_BUNDLE_IDENTIFIER = ahmetcantopcu.FlagAppUITests;
				PRODUCT_NAME = "$(TARGET_NAME)";
				SWIFT_EMIT_LOC_STRINGS = NO;
				SWIFT_VERSION = 5.0;
				TARGETED_DEVICE_FAMILY = "1,2";
				TEST_TARGET_NAME = FlagApp;
			};
			name = Debug;
		};
		21263B9328883D9C00D6D4A6 /* Release */ = {
			isa = XCBuildConfiguration;
			buildSettings = {
				ALWAYS_EMBED_SWIFT_STANDARD_LIBRARIES = YES;
				CODE_SIGN_STYLE = Automatic;
				CURRENT_PROJECT_VERSION = 1;
				DEVELOPMENT_TEAM = BAHUM2K72T;
				GENERATE_INFOPLIST_FILE = YES;
				MARKETING_VERSION = 1.0;
				PRODUCT_BUNDLE_IDENTIFIER = ahmetcantopcu.FlagAppUITests;
				PRODUCT_NAME = "$(TARGET_NAME)";
				SWIFT_EMIT_LOC_STRINGS = NO;
				SWIFT_VERSION = 5.0;
				TARGETED_DEVICE_FAMILY = "1,2";
				TEST_TARGET_NAME = FlagApp;
			};
			name = Release;
		};
/* End XCBuildConfiguration section */

/* Begin XCConfigurationList section */
		21263B5C28883D9B00D6D4A6 /* Build configuration list for PBXProject "FlagApp" */ = {
			isa = XCConfigurationList;
			buildConfigurations = (
				21263B8928883D9C00D6D4A6 /* Debug */,
				21263B8A28883D9C00D6D4A6 /* Release */,
			);
			defaultConfigurationIsVisible = 0;
			defaultConfigurationName = Release;
		};
		21263B8B28883D9C00D6D4A6 /* Build configuration list for PBXNativeTarget "FlagApp" */ = {
			isa = XCConfigurationList;
			buildConfigurations = (
				21263B8C28883D9C00D6D4A6 /* Debug */,
				21263B8D28883D9C00D6D4A6 /* Release */,
			);
			defaultConfigurationIsVisible = 0;
			defaultConfigurationName = Release;
		};
		21263B8E28883D9C00D6D4A6 /* Build configuration list for PBXNativeTarget "FlagAppTests" */ = {
			isa = XCConfigurationList;
			buildConfigurations = (
				21263B8F28883D9C00D6D4A6 /* Debug */,
				21263B9028883D9C00D6D4A6 /* Release */,
			);
			defaultConfigurationIsVisible = 0;
			defaultConfigurationName = Release;
		};
		21263B9128883D9C00D6D4A6 /* Build configuration list for PBXNativeTarget "FlagAppUITests" */ = {
			isa = XCConfigurationList;
			buildConfigurations = (
				21263B9228883D9C00D6D4A6 /* Debug */,
				21263B9328883D9C00D6D4A6 /* Release */,
			);
			defaultConfigurationIsVisible = 0;
			defaultConfigurationName = Release;
		};
/* End XCConfigurationList section */
	};
	rootObject = 21263B5928883D9B00D6D4A6 /* Project object */;
}
